
Microsoft Visual Studio Solution File, Format Version 12.00
# Visual Studio Version 17
VisualStudioVersion = 17.9.34526.213
MinimumVisualStudioVersion = 10.0.40219.1
Project("{FAE04EC0-301F-11D3-BF4B-00C04F79EFBC}") = "LoginForm", "LoginForm.csproj", "{14B28206-3C66-4551-8398-29F3F3640AE5}"
EndProject
Global
	GlobalSection(SolutionConfigurationPlatforms) = preSolution
		Debug|Any CPU = Debug|Any CPU
		Release|Any CPU = Release|Any CPU
	EndGlobalSection
	GlobalSection(ProjectConfigurationPlatforms) = postSolution
		{14B28206-3C66-4551-8398-29F3F3640AE5}.Debug|Any CPU.ActiveCfg = Debug|Any CPU
		{14B28206-3C66-4551-8398-29F3F3640AE5}.Debug|Any CPU.Build.0 = Debug|Any CPU
		{14B28206-3C66-4551-8398-29F3F3640AE5}.Release|Any CPU.ActiveCfg = Release|Any CPU
		{14B28206-3C66-4551-8398-29F3F3640AE5}.Release|Any CPU.Build.0 = Release|Any CPU
	EndGlobalSection
	GlobalSection(SolutionProperties) = preSolution
		HideSolutionNode = FALSE
	EndGlobalSection
	GlobalSection(ExtensibilityGlobals) = postSolution
		SolutionGuid = {874EB393-AADB-42DB-AA92-4C0C572B057C}
	EndGlobalSection
EndGlobal
